
Microsoft Visual Studio Solution File, Format Version 12.00
# Visual Studio Version 17
VisualStudioVersion = 17.6.33815.320
MinimumVisualStudioVersion = 10.0.40219.1
Project("{54A90642-561A-4BB1-A94E-469ADEE60C69}") = "HealthCheck", "HealthCheck\HealthCheck.esproj", "{7D7B9C1D-F08C-4A72-9AC3-CC6114C5AD2B}"
EndProject
Project("{FAE04EC0-301F-11D3-BF4B-00C04F79EFBC}") = "HealthCheckAPI", "HealthCheckAPI\HealthCheckAPI.csproj", "{0C5DCE90-4E23-4BC2-BE18-C37D6953E1BB}"
EndProject
Global
	GlobalSection(SolutionConfigurationPlatforms) = preSolution
		Debug|Any CPU = Debug|Any CPU
		Release|Any CPU = Release|Any CPU
	EndGlobalSection
	GlobalSection(ProjectConfigurationPlatforms) = postSolution
		{7D7B9C1D-F08C-4A72-9AC3-CC6114C5AD2B}.Debug|Any CPU.ActiveCfg = Debug|Any CPU
		{7D7B9C1D-F08C-4A72-9AC3-CC6114C5AD2B}.Debug|Any CPU.Build.0 = Debug|Any CPU
		{7D7B9C1D-F08C-4A72-9AC3-CC6114C5AD2B}.Debug|Any CPU.Deploy.0 = Debug|Any CPU
		{7D7B9C1D-F08C-4A72-9AC3-CC6114C5AD2B}.Release|Any CPU.ActiveCfg = Release|Any CPU
		{7D7B9C1D-F08C-4A72-9AC3-CC6114C5AD2B}.Release|Any CPU.Build.0 = Release|Any CPU
		{7D7B9C1D-F08C-4A72-9AC3-CC6114C5AD2B}.Release|Any CPU.Deploy.0 = Release|Any CPU
		{0C5DCE90-4E23-4BC2-BE18-C37D6953E1BB}.Debug|Any CPU.ActiveCfg = Debug|Any CPU
		{0C5DCE90-4E23-4BC2-BE18-C37D6953E1BB}.Debug|Any CPU.Build.0 = Debug|Any CPU
		{0C5DCE90-4E23-4BC2-BE18-C37D6953E1BB}.Release|Any CPU.ActiveCfg = Release|Any CPU
		{0C5DCE90-4E23-4BC2-BE18-C37D6953E1BB}.Release|Any CPU.Build.0 = Release|Any CPU
	EndGlobalSection
	GlobalSection(SolutionProperties) = preSolution
		HideSolutionNode = FALSE
	EndGlobalSection
	GlobalSection(ExtensibilityGlobals) = postSolution
		SolutionGuid = {1D7E750E-1664-4CF8-83E3-BA34D3A6AE4B}
	EndGlobalSection
EndGlobal
